Microsoft Visual Studio Solution File, Format Version 12.00
# Visual Studio 2013
Project("{8BC9CEB8-8B4A-11D0-8D11-00A0C91BC942}") = "Demo", "X:/2017/CrowdSimulation/Demo/src\Demo.vcxproj", "{F19DB83B-B618-3B35-9016-80FB825FDD94}"
EndProject
Global
	GlobalSection(SolutionConfigurationPlatforms) = preSolution
		Debug|x64 = Debug|x64
		Release|x64 = Release|x64
	EndGlobalSection
	GlobalSection(ProjectConfigurationPlatforms) = postSolution
		{F19DB83B-B618-3B35-9016-80FB825FDD94}.Debug|x64.ActiveCfg = Debug|x64
		{F19DB83B-B618-3B35-9016-80FB825FDD94}.Debug|x64.Build.0 = Debug|x64
		{F19DB83B-B618-3B35-9016-80FB825FDD94}.Release|x64.ActiveCfg = Release|x64
		{F19DB83B-B618-3B35-9016-80FB825FDD94}.Release|x64.Build.0 = Release|x64
	EndGlobalSection
	GlobalSection(ExtensibilityGlobals) = postSolution
	EndGlobalSection
	GlobalSection(ExtensibilityAddIns) = postSolution
	EndGlobalSection
EndGlobal