<?xml version="1.0" encoding="utf-8"?>
<Project ToolsVersion="4.0" xmlns="http://schemas.microsoft.com/developer/msbuild/2003">
  <ItemGroup>
    <Filter Include="Header Files">
      <UniqueIdentifier>{febc807f-ccd9-42d3-93ca-3df43a7a2370}</UniqueIdentifier>
    </Filter>
    <Filter Include="Source Files">
      <UniqueIdentifier>{9507a94f-7f06-49da-be83-4047448ad249}</UniqueIdentifier>
    </Filter>
  </ItemGroup>
  <ItemGroup>
    <CudaCompile Include="src\cuda_testkernel.cu">
      <Filter>Source Files</Filter>
    </CudaCompile>
  </ItemGroup>
  <ItemGroup>
    <ClCompile Include="src\heatmap_seq.cpp">
      <Filter>Source Files</Filter>
    </ClCompile>
    <ClCompile Include="src\ped_agent.cpp">
      <Filter>Source Files</Filter>
    </ClCompile>
    <ClCompile Include="src\ped_model.cpp">
      <Filter>Source Files</Filter>
    </ClCompile>
    <ClCompile Include="src\ped_waypoint.cpp">
      <Filter>Source Files</Filter>
    </ClCompile>
    <ClCompile Include="src\ped_vector.cpp">
      <Filter>Source Files</Filter>
    </ClCompile>
  </ItemGroup>
  <ItemGroup>
    <ClInclude Include="src\cuda_testkernel.h">
      <Filter>Header Files</Filter>
    </ClInclude>
    <ClInclude Include="src\ped_agent.h">
      <Filter>Header Files</Filter>
    </ClInclude>
    <ClInclude Include="src\ped_model.h">
      <Filter>Header Files</Filter>
    </ClInclude>
    <ClInclude Include="src\ped_waypoint.h">
      <Filter>Header Files</Filter>
    </ClInclude>
    <ClInclude Include="src\ped_vector.h">
      <Filter>Header Files</Filter>
    </ClInclude>
  </ItemGroup>
</Project>